{
    "name": "puzzle5",
    "version": "1.0.0",
    "lockfileVersion": 2,
    "requires": true,
    "packages": {
        "": {
            "name": "puzzle5",
            "version": "1.0.0",
            "license": "ISC",
            "bin": {
                "puzzle5": "index.js"
            }
        }
    }
}
